
Microsoft Visual Studio Solution File, Format Version 12.00
# Visual Studio Version 17
VisualStudioVersion = 17.9.34607.119
MinimumVisualStudioVersion = 10.0.40219.1
Project("{FAE04EC0-301F-11D3-BF4B-00C04F79EFBC}") = "ClaseObjetos2", "ClaseObjetos2\ClaseObjetos2.csproj", "{EB78E9D0-AD61-4FB5-A17B-65C3883AAE47}"
EndProject
Global
	GlobalSection(SolutionConfigurationPlatforms) = preSolution
		Debug|Any CPU = Debug|Any CPU
		Release|Any CPU = Release|Any CPU
	EndGlobalSection
	GlobalSection(ProjectConfigurationPlatforms) = postSolution
		{EB78E9D0-AD61-4FB5-A17B-65C3883AAE47}.Debug|Any CPU.ActiveCfg = Debug|Any CPU
		{EB78E9D0-AD61-4FB5-A17B-65C3883AAE47}.Debug|Any CPU.Build.0 = Debug|Any CPU
		{EB78E9D0-AD61-4FB5-A17B-65C3883AAE47}.Release|Any CPU.ActiveCfg = Release|Any CPU
		{EB78E9D0-AD61-4FB5-A17B-65C3883AAE47}.Release|Any CPU.Build.0 = Release|Any CPU
	EndGlobalSection
	GlobalSection(SolutionProperties) = preSolution
		HideSolutionNode = FALSE
	EndGlobalSection
	GlobalSection(ExtensibilityGlobals) = postSolution
		SolutionGuid = {FF930CD0-17A0-4116-8C52-55F9932CB94E}
	EndGlobalSection
EndGlobal
